
Microsoft Visual Studio Solution File, Format Version 12.00
# Visual Studio Version 16
VisualStudioVersion = 16.0.31515.178
MinimumVisualStudioVersion = 10.0.40219.1
Project("{FAE04EC0-301F-11D3-BF4B-00C04F79EFBC}") = "eCommerce", "eCommerce\eCommerce.csproj", "{9EB14E7E-A0D5-44F4-977C-5C4747DF8EFB}"
EndProject
Global
	GlobalSection(SolutionConfigurationPlatforms) = preSolution
		Debug|Any CPU = Debug|Any CPU
		Release|Any CPU = Release|Any CPU
	EndGlobalSection
	GlobalSection(ProjectConfigurationPlatforms) = postSolution
		{9EB14E7E-A0D5-44F4-977C-5C4747DF8EFB}.Debug|Any CPU.ActiveCfg = Debug|Any CPU
		{9EB14E7E-A0D5-44F4-977C-5C4747DF8EFB}.Debug|Any CPU.Build.0 = Debug|Any CPU
		{9EB14E7E-A0D5-44F4-977C-5C4747DF8EFB}.Release|Any CPU.ActiveCfg = Release|Any CPU
		{9EB14E7E-A0D5-44F4-977C-5C4747DF8EFB}.Release|Any CPU.Build.0 = Release|Any CPU
	EndGlobalSection
	GlobalSection(SolutionProperties) = preSolution
		HideSolutionNode = FALSE
	EndGlobalSection
	GlobalSection(ExtensibilityGlobals) = postSolution
		SolutionGuid = {1E9DEC71-853F-4192-8298-C14D96D02A8F}
	EndGlobalSection
EndGlobal
